
Microsoft Visual Studio Solution File, Format Version 12.00
Project("{FAE04EC0-301F-11D3-BF4B-00C04F79EFBC}") = "UniversityRental", "UniversityRental\UniversityRental.csproj", "{61733632-2044-4571-8A0D-9A9941056276}"
EndProject
Global
	GlobalSection(SolutionConfigurationPlatforms) = preSolution
		Debug|Any CPU = Debug|Any CPU
		Release|Any CPU = Release|Any CPU
	EndGlobalSection
	GlobalSection(ProjectConfigurationPlatforms) = postSolution
		{61733632-2044-4571-8A0D-9A9941056276}.Debug|Any CPU.ActiveCfg = Debug|Any CPU
		{61733632-2044-4571-8A0D-9A9941056276}.Debug|Any CPU.Build.0 = Debug|Any CPU
		{61733632-2044-4571-8A0D-9A9941056276}.Release|Any CPU.ActiveCfg = Release|Any CPU
		{61733632-2044-4571-8A0D-9A9941056276}.Release|Any CPU.Build.0 = Release|Any CPU
	EndGlobalSection
EndGlobal
